// !$*UTF8*$!
{
	archiveVersion = 1;
	classes = {
	};
	objectVersion = 56;
	objects = {

/* Begin PBXBuildFile section */
		CABFD4622A526F140075E3C9 /* AppDelegate.swift in Sources */ = {isa = PBXBuildFile; fileRef = CABFD4612A526F140075E3C9 /* AppDelegate.swift */; };
		CABFD4642A526F140075E3C9 /* SceneDelegate.swift in Sources */ = {isa = PBXBuildFile; fileRef = CABFD4632A526F140075E3C9 /* SceneDelegate.swift */; };
		CABFD4662A526F140075E3C9 /* HomeViewController.swift in Sources */ = {isa = PBXBuildFile; fileRef = CABFD4652A526F140075E3C9 /* HomeViewController.swift */; };
		CABFD4692A526F140075E3C9 /* Main.storyboard in Resources */ = {isa = PBXBuildFile; fileRef = CABFD4672A526F140075E3C9 /* Main.storyboard */; };
		CABFD46B2A526F160075E3C9 /* Assets.xcassets in Resources */ = {isa = PBXBuildFile; fileRef = CABFD46A2A526F160075E3C9 /* Assets.xcassets */; };
		CABFD46E2A526F160075E3C9 /* LaunchScreen.storyboard in Resources */ = {isa = PBXBuildFile; fileRef = CABFD46C2A526F160075E3C9 /* LaunchScreen.storyboard */; };
		CABFD4762A526FCB0075E3C9 /* Meal.swift in Sources */ = {isa = PBXBuildFile; fileRef = CABFD4752A526FCB0075E3C9 /* Meal.swift */; };
		CABFD4782A5371780075E3C9 /* RecipeCell.swift in Sources */ = {isa = PBXBuildFile; fileRef = CABFD4772A5371780075E3C9 /* RecipeCell.swift */; };
		CABFD47B2A53739F0075E3C9 /* Nuke in Frameworks */ = {isa = PBXBuildFile; productRef = CABFD47A2A53739F0075E3C9 /* Nuke */; };
		CABFD47D2A53816D0075E3C9 /* RecipeViewController.swift in Sources */ = {isa = PBXBuildFile; fileRef = CABFD47C2A53816D0075E3C9 /* RecipeViewController.swift */; };
/* End PBXBuildFile section */

/* Begin PBXFileReference section */
		CABFD45E2A526F140075E3C9 /* Reciparse.app */ = {isa = PBXFileReference; explicitFileType = wrapper.application; includeInIndex = 0; path = Reciparse.app; sourceTree = BUILT_PRODUCTS_DIR; };
		CABFD4612A526F140075E3C9 /* AppDelegate.swift */ = {isa = PBXFileReference; lastKnownFileType = sourcecode.swift; path = AppDelegate.swift; sourceTree = "<group>"; };
		CABFD4632A526F140075E3C9 /* SceneDelegate.swift */ = {isa = PBXFileReference; lastKnownFileType = sourcecode.swift; path = SceneDelegate.swift; sourceTree = "<group>"; };
		CABFD4652A526F140075E3C9 /* HomeViewController.swift */ = {isa = PBXFileReference; lastKnownFileType = sourcecode.swift; path = HomeViewController.swift; sourceTree = "<group>"; };
		CABFD4682A526F140075E3C9 /* Base */ = {isa = PBXFileReference; lastKnownFileType = file.storyboard; name = Base; path = Base.lproj/Main.storyboard; sourceTree = "<group>"; };
		CABFD46A2A526F160075E3C9 /* Assets.xcassets */ = {isa = PBXFileReference; lastKnownFileType = folder.assetcatalog; path = Assets.xcassets; sourceTree = "<group>"; };
		CABFD46D2A526F160075E3C9 /* Base */ = {isa = PBXFileReference; lastKnownFileType = file.storyboard; name = Base; path = Base.lproj/LaunchScreen.storyboard; sourceTree = "<group>"; };
		CABFD46F2A526F160075E3C9 /* Info.plist */ = {isa = PBXFileReference; lastKnownFileType = text.plist.xml; path = Info.plist; sourceTree = "<group>"; };
		CABFD4752A526FCB0075E3C9 /* Meal.swift */ = {isa = PBXFileReference; lastKnownFileType = sourcecode.swift; path = Meal.swift; sourceTree = "<group>"; };
		CABFD4772A5371780075E3C9 /* RecipeCell.swift */ = {isa = PBXFileReference; lastKnownFileType = sourcecode.swift; path = RecipeCell.swift; sourceTree = "<group>"; };
		CABFD47C2A53816D0075E3C9 /* RecipeViewController.swift */ = {isa = PBXFileReference; lastKnownFileType = sourcecode.swift; path = RecipeViewController.swift; sourceTree = "<group>"; };
/* End PBXFileReference section */

/* Begin PBXFrameworksBuildPhase section */
		CABFD45B2A526F140075E3C9 /* Frameworks */ = {
			isa = PBXFrameworksBuildPhase;
			buildActionMask = 2147483647;
			files = (
				CABFD47B2A53739F0075E3C9 /* Nuke in Frameworks */,
			);
			runOnlyForDeploymentPostprocessing = 0;
		};
/* End PBXFrameworksBuildPhase section */

/* Begin PBXGroup section */
		CABFD4552A526F140075E3C9 = {
			isa = PBXGroup;
			children = (
				CABFD4602A526F140075E3C9 /* Reciparse */,
				CABFD45F2A526F140075E3C9 /* Products */,
			);
			sourceTree = "<group>";
		};
		CABFD45F2A526F140075E3C9 /* Products */ = {
			isa = PBXGroup;
			children = (
				CABFD45E2A526F140075E3C9 /* Reciparse.app */,
			);
			name = Products;
			sourceTree = "<group>";
		};
		CABFD4602A526F140075E3C9 /* Reciparse */ = {
			isa = PBXGroup;
			children = (
				CABFD4612A526F140075E3C9 /* AppDelegate.swift */,
				CABFD4632A526F140075E3C9 /* SceneDelegate.swift */,
				CABFD4752A526FCB0075E3C9 /* Meal.swift */,
				CABFD4652A526F140075E3C9 /* HomeViewController.swift */,
				CABFD4772A5371780075E3C9 /* RecipeCell.swift */,
				CABFD4672A526F140075E3C9 /* Main.storyboard */,
				CABFD47C2A53816D0075E3C9 /* RecipeViewController.swift */,
				CABFD46A2A526F160075E3C9 /* Assets.xcassets */,
				CABFD46C2A526F160075E3C9 /* LaunchScreen.storyboard */,
				CABFD46F2A526F160075E3C9 /* Info.plist */,
			);
			path = Reciparse;
			sourceTree = "<group>";
		};
/* End PBXGroup section */

/* Begin PBXNativeTarget section */
		CABFD45D2A526F140075E3C9 /* Reciparse */ = {
			isa = PBXNativeTarget;
			buildConfigurationList = CABFD4722A526F160075E3C9 /* Build configuration list for PBXNativeTarget "Reciparse" */;
			buildPhases = (
				CABFD45A2A526F140075E3C9 /* Sources */,
				CABFD45B2A526F140075E3C9 /* Frameworks */,
				CABFD45C2A526F140075E3C9 /* Resources */,
			);
			buildRules = (
			);
			dependencies = (
			);
			name = Reciparse;
			packageProductDependencies = (
				CABFD47A2A53739F0075E3C9 /* Nuke */,
			);
			productName = Reciparse;
			productReference = CABFD45E2A526F140075E3C9 /* Reciparse.app */;
			productType = "com.apple.product-type.application";
		};
/* End PBXNativeTarget section */

/* Begin PBXProject section */
		CABFD4562A526F140075E3C9 /* Project object */ = {
			isa = PBXProject;
			attributes = {
				BuildIndependentTargetsInParallel = 1;
				LastSwiftUpdateCheck = 1420;
				LastUpgradeCheck = 1420;
				TargetAttributes = {
					CABFD45D2A526F140075E3C9 = {
						CreatedOnToolsVersion = 14.2;
					};
				};
			};
			buildConfigurationList = CABFD4592A526F140075E3C9 /* Build configuration list for PBXProject "Reciparse" */;
			compatibilityVersion = "Xcode 14.0";
			developmentRegion = en;
			hasScannedForEncodings = 0;
			knownRegions = (
				en,
				Base,
			);
			mainGroup = CABFD4552A526F140075E3C9;
			packageReferences = (
				CABFD4792A53739F0075E3C9 /* XCRemoteSwiftPackageReference "Nuke" */,
			);
			productRefGroup = CABFD45F2A526F140075E3C9 /* Products */;
			projectDirPath = "";
			projectRoot = "";
			targets = (
				CABFD45D2A526F140075E3C9 /* Reciparse */,
			);
		};
/* End PBXProject section */

/* Begin PBXResourcesBuildPhase section */
		CABFD45C2A526F140075E3C9 /* Resources */ = {
			isa = PBXResourcesBuildPhase;
			buildActionMask = 2147483647;
			files = (
				CABFD46E2A526F160075E3C9 /* LaunchScreen.storyboard in Resources */,
				CABFD46B2A526F160075E3C9 /* Assets.xcassets in Resources */,
				CABFD4692A526F140075E3C9 /* Main.storyboard in Resources */,
			);
			runOnlyForDeploymentPostprocessing = 0;
		};
/* End PBXResourcesBuildPhase section */

/* Begin PBXSourcesBuildPhase section */
		CABFD45A2A526F140075E3C9 /* Sources */ = {
			isa = PBXSourcesBuildPhase;
			buildActionMask = 2147483647;
			files = (
				CABFD4782A5371780075E3C9 /* RecipeCell.swift in Sources */,
				CABFD4662A526F140075E3C9 /* HomeViewController.swift in Sources */,
				CABFD47D2A53816D0075E3C9 /* RecipeViewController.swift in Sources */,
				CABFD4622A526F140075E3C9 /* AppDelegate.swift in Sources */,
				CABFD4642A526F140075E3C9 /* SceneDelegate.swift in Sources */,
				CABFD4762A526FCB0075E3C9 /* Meal.swift in Sources */,
			);
			runOnlyForDeploymentPostprocessing = 0;
		};
/* End PBXSourcesBuildPhase section */

/* Begin PBXVariantGroup section */
		CABFD4672A526F140075E3C9 /* Main.storyboard */ = {
			isa = PBXVariantGroup;
			children = (
				CABFD4682A526F140075E3C9 /* Base */,
			);
			name = Main.storyboard;
			sourceTree = "<group>";
		};
		CABFD46C2A526F160075E3C9 /* LaunchScreen.storyboard */ = {
			isa = PBXVariantGroup;
			children = (
				CABFD46D2A526F160075E3C9 /* Base */,
			);
			name = LaunchScreen.storyboard;
			sourceTree = "<group>";
		};
/* End PBXVariantGroup section */

/* Begin XCBuildConfiguration section */
		CABFD4702A526F160075E3C9 /* Debug */ = {
			isa = XCBuildConfiguration;
			buildSettings = {
				ALWAYS_SEARCH_USER_PATHS = NO;
				CLANG_ANALYZER_NONNULL = YES;
				CLANG_ANALYZER_NUMBER_OBJECT_CONVERSION = YES_AGGRESSIVE;
				CLANG_CXX_LANGUAGE_STANDARD = "gnu++20";
				CLANG_ENABLE_MODULES = YES;
				CLANG_ENABLE_OBJC_ARC = YES;
				CLANG_ENABLE_OBJC_WEAK = YES;
				CLANG_WARN_BLOCK_CAPTURE_AUTORELEASING = YES;
				CLANG_WARN_BOOL_CONVERSION = YES;
				CLANG_WARN_COMMA = YES;
				CLANG_WARN_CONSTANT_CONVERSION = YES;
				CLANG_WARN_DEPRECATED_OBJC_IMPLEMENTATIONS = YES;
				CLANG_WARN_DIRECT_OBJC_ISA_USAGE = YES_ERROR;
				CLANG_WARN_DOCUMENTATION_COMMENTS = YES;
				CLANG_WARN_EMPTY_BODY = YES;
				CLANG_WARN_ENUM_CONVERSION = YES;
				CLANG_WARN_INFINITE_RECURSION = YES;
				CLANG_WARN_INT_CONVERSION = YES;
				CLANG_WARN_NON_LITERAL_NULL_CONVERSION = YES;
				CLANG_WARN_OBJC_IMPLICIT_RETAIN_SELF = YES;
				CLANG_WARN_OBJC_LITERAL_CONVERSION = YES;
				CLANG_WARN_OBJC_ROOT_CLASS = YES_ERROR;
				CLANG_WARN_QUOTED_INCLUDE_IN_FRAMEWORK_HEADER = YES;
				CLANG_WARN_RANGE_LOOP_ANALYSIS = YES;
				CLANG_WARN_STRICT_PROTOTYPES = YES;
				CLANG_WARN_SUSPICIOUS_MOVE = YES;
				CLANG_WARN_UNGUARDED_AVAILABILITY = YES_AGGRESSIVE;
				CLANG_WARN_UNREACHABLE_CODE = YES;
				CLANG_WARN__DUPLICATE_METHOD_MATCH = YES;
				COPY_PHASE_STRIP = NO;
				DEBUG_INFORMATION_FORMAT = dwarf;
				ENABLE_STRICT_OBJC_MSGSEND = YES;
				ENABLE_TESTABILITY = YES;
				GCC_C_LANGUAGE_STANDARD = gnu11;
				GCC_DYNAMIC_NO_PIC = NO;
				GCC_NO_COMMON_BLOCKS = YES;
				GCC_OPTIMIZATION_LEVEL = 0;
				GCC_PREPROCESSOR_DEFINITIONS = (
					"DEBUG=1",
					"$(inherited)",
				);
				GCC_WARN_64_TO_32_BIT_CONVERSION = YES;
				GCC_WARN_ABOUT_RETURN_TYPE = YES_ERROR;
				GCC_WARN_UNDECLARED_SELECTOR = YES;
				GCC_WARN_UNINITIALIZED_AUTOS = YES_AGGRESSIVE;
				GCC_WARN_UNUSED_FUNCTION = YES;
				GCC_WARN_UNUSED_VARIABLE = YES;
				IPHONEOS_DEPLOYMENT_TARGET = 16.2;
				MTL_ENABLE_DEBUG_INFO = INCLUDE_SOURCE;
				MTL_FAST_MATH = YES;
				ONLY_ACTIVE_ARCH = YES;
				SDKROOT = iphoneos;
				SWIFT_ACTIVE_COMPILATION_CONDITIONS = DEBUG;
				SWIFT_OPTIMIZATION_LEVEL = "-Onone";
			};
			name = Debug;
		};
		CABFD4712A526F160075E3C9 /* Release */ = {
			isa = XCBuildConfiguration;
			buildSettings = {
				ALWAYS_SEARCH_USER_PATHS = NO;
				CLANG_ANALYZER_NONNULL = YES;
				CLANG_ANALYZER_NUMBER_OBJECT_CONVERSION = YES_AGGRESSIVE;
				CLANG_CXX_LANGUAGE_STANDARD = "gnu++20";
				CLANG_ENABLE_MODULES = YES;
				CLANG_ENABLE_OBJC_ARC = YES;
				CLANG_ENABLE_OBJC_WEAK = YES;
				CLANG_WARN_BLOCK_CAPTURE_AUTORELEASING = YES;
				CLANG_WARN_BOOL_CONVERSION = YES;
				CLANG_WARN_COMMA = YES;
				CLANG_WARN_CONSTANT_CONVERSION = YES;
				CLANG_WARN_DEPRECATED_OBJC_IMPLEMENTATIONS = YES;
				CLANG_WARN_DIRECT_OBJC_ISA_USAGE = YES_ERROR;
				CLANG_WARN_DOCUMENTATION_COMMENTS = YES;
				CLANG_WARN_EMPTY_BODY = YES;
				CLANG_WARN_ENUM_CONVERSION = YES;
				CLANG_WARN_INFINITE_RECURSION = YES;
				CLANG_WARN_INT_CONVERSION = YES;
				CLANG_WARN_NON_LITERAL_NULL_CONVERSION = YES;
				CLANG_WARN_OBJC_IMPLICIT_RETAIN_SELF = YES;
				CLANG_WARN_OBJC_LITERAL_CONVERSION = YES;
				CLANG_WARN_OBJC_ROOT_CLASS = YES_ERROR;
				CLANG_WARN_QUOTED_INCLUDE_IN_FRAMEWORK_HEADER = YES;
				CLANG_WARN_RANGE_LOOP_ANALYSIS = YES;
				CLANG_WARN_STRICT_PROTOTYPES = YES;
				CLANG_WARN_SUSPICIOUS_MOVE = YES;
				CLANG_WARN_UNGUARDED_AVAILABILITY = YES_AGGRESSIVE;
				CLANG_WARN_UNREACHABLE_CODE = YES;
				CLANG_WARN__DUPLICATE_METHOD_MATCH = YES;
				COPY_PHASE_STRIP = NO;
				DEBUG_INFORMATION_FORMAT = "dwarf-with-dsym";
				ENABLE_NS_ASSERTIONS = NO;
				ENABLE_STRICT_OBJC_MSGSEND = YES;
				GCC_C_LANGUAGE_STANDARD = gnu11;
				GCC_NO_COMMON_BLOCKS = YES;
				GCC_WARN_64_TO_32_BIT_CONVERSION = YES;
				GCC_WARN_ABOUT_RETURN_TYPE = YES_ERROR;
				GCC_WARN_UNDECLARED_SELECTOR = YES;
				GCC_WARN_UNINITIALIZED_AUTOS = YES_AGGRESSIVE;
				GCC_WARN_UNUSED_FUNCTION = YES;
				GCC_WARN_UNUSED_VARIABLE = YES;
				IPHONEOS_DEPLOYMENT_TARGET = 16.2;
				MTL_ENABLE_DEBUG_INFO = NO;
				MTL_FAST_MATH = YES;
				SDKROOT = iphoneos;
				SWIFT_COMPILATION_MODE = wholemodule;
				SWIFT_OPTIMIZATION_LEVEL = "-O";
				VALIDATE_PRODUCT = YES;
			};
			name = Release;
		};
		CABFD4732A526F160075E3C9 /* Debug */ = {
			isa = XCBuildConfiguration;
			buildSettings = {
				ASSETCATALOG_COMPILER_APPICON_NAME = AppIcon;
				ASSETCATALOG_COMPILER_GLOBAL_ACCENT_COLOR_NAME = AccentColor;
				CODE_SIGN_STYLE = Automatic;
				CURRENT_PROJECT_VERSION = 1;
				DEVELOPMENT_TEAM = 6D23VARSAQ;
				GENERATE_INFOPLIST_FILE = YES;
				INFOPLIST_FILE = Reciparse/Info.plist;
				INFOPLIST_KEY_UIApplicationSupportsIndirectInputEvents = YES;
				INFOPLIST_KEY_UILaunchStoryboardName = LaunchScreen;
				INFOPLIST_KEY_UIMainStoryboardFile = Main;
				INFOPLIST_KEY_UISupportedInterfaceOrientations_iPad = "UIInterfaceOrientationPortrait UIInterfaceOrientationPortraitUpsideDown UIInterfaceOrientationLandscapeLeft UIInterfaceOrientationLandscapeRight";
				INFOPLIST_KEY_UISupportedInterfaceOrientations_iPhone = "UIInterfaceOrientationPortrait UIInterfaceOrientationLandscapeLeft UIInterfaceOrientationLandscapeRight";
				LD_RUNPATH_SEARCH_PATHS = (
					"$(inherited)",
					"@executable_path/Frameworks",
				);
				MARKETING_VERSION = 1.0;
				PRODUCT_BUNDLE_IDENTIFIER = BrandonBallesteros.Reciparse;
				PRODUCT_NAME = "$(TARGET_NAME)";
				SWIFT_EMIT_LOC_STRINGS = YES;
				SWIFT_VERSION = 5.0;
				TARGETED_DEVICE_FAMILY = "1,2";
			};
			name = Debug;
		};
		CABFD4742A526F160075E3C9 /* Release */ = {
			isa = XCBuildConfiguration;
			buildSettings = {
				ASSETCATALOG_COMPILER_APPICON_NAME = AppIcon;
				ASSETCATALOG_COMPILER_GLOBAL_ACCENT_COLOR_NAME = AccentColor;
				CODE_SIGN_STYLE = Automatic;
				CURRENT_PROJECT_VERSION = 1;
				DEVELOPMENT_TEAM = 6D23VARSAQ;
				GENERATE_INFOPLIST_FILE = YES;
				INFOPLIST_FILE = Reciparse/Info.plist;
				INFOPLIST_KEY_UIApplicationSupportsIndirectInputEvents = YES;
				INFOPLIST_KEY_UILaunchStoryboardName = LaunchScreen;
				INFOPLIST_KEY_UIMainStoryboardFile = Main;
				INFOPLIST_KEY_UISupportedInterfaceOrientations_iPad = "UIInterfaceOrientationPortrait UIInterfaceOrientationPortraitUpsideDown UIInterfaceOrientationLandscapeLeft UIInterfaceOrientationLandscapeRight";
				INFOPLIST_KEY_UISupportedInterfaceOrientations_iPhone = "UIInterfaceOrientationPortrait UIInterfaceOrientationLandscapeLeft UIInterfaceOrientationLandscapeRight";
				LD_RUNPATH_SEARCH_PATHS = (
					"$(inherited)",
					"@executable_path/Frameworks",
				);
				MARKETING_VERSION = 1.0;
				PRODUCT_BUNDLE_IDENTIFIER = BrandonBallesteros.Reciparse;
				PRODUCT_NAME = "$(TARGET_NAME)";
				SWIFT_EMIT_LOC_STRINGS = YES;
				SWIFT_VERSION = 5.0;
				TARGETED_DEVICE_FAMILY = "1,2";
			};
			name = Release;
		};
/* End XCBuildConfiguration section */

/* Begin XCConfigurationList section */
		CABFD4592A526F140075E3C9 /* Build configuration list for PBXProject "Reciparse" */ = {
			isa = XCConfigurationList;
			buildConfigurations = (
				CABFD4702A526F160075E3C9 /* Debug */,
				CABFD4712A526F160075E3C9 /* Release */,
			);
			defaultConfigurationIsVisible = 0;
			defaultConfigurationName = Release;
		};
		CABFD4722A526F160075E3C9 /* Build configuration list for PBXNativeTarget "Reciparse" */ = {
			isa = XCConfigurationList;
			buildConfigurations = (
				CABFD4732A526F160075E3C9 /* Debug */,
				CABFD4742A526F160075E3C9 /* Release */,
			);
			defaultConfigurationIsVisible = 0;
			defaultConfigurationName = Release;
		};
/* End XCConfigurationList section */

/* Begin XCRemoteSwiftPackageReference section */
		CABFD4792A53739F0075E3C9 /* XCRemoteSwiftPackageReference "Nuke" */ = {
			isa = XCRemoteSwiftPackageReference;
			repositoryURL = "https://github.com/kean/Nuke";
			requirement = {
				kind = upToNextMajorVersion;
				minimumVersion = 9.0.0;
			};
		};
/* End XCRemoteSwiftPackageReference section */

/* Begin XCSwiftPackageProductDependency section */
		CABFD47A2A53739F0075E3C9 /* Nuke */ = {
			isa = XCSwiftPackageProductDependency;
			package = CABFD4792A53739F0075E3C9 /* XCRemoteSwiftPackageReference "Nuke" */;
			productName = Nuke;
		};
/* End XCSwiftPackageProductDependency section */
	};
	rootObject = CABFD4562A526F140075E3C9 /* Project object */;
}
